<?xml version="1.0" encoding="utf-8"?>
<Project ToolsVersion="4.0" xmlns="http://schemas.microsoft.com/developer/msbuild/2003">
  <ItemGroup>
    <ClCompile Include="Zombie_Arena.cpp" />
    <ClCompile Include="Bullet\Bullet.cpp">
      <Filter>Bullet</Filter>
    </ClCompile>
    <ClCompile Include="Scene\GameOver.cpp">
      <Filter>Scene</Filter>
    </ClCompile>
    <ClCompile Include="Scene\LevelUp.cpp">
      <Filter>Scene</Filter>
    </ClCompile>
    <ClCompile Include="Scene\Pause.cpp">
      <Filter>Scene</Filter>
    </ClCompile>
    <ClCompile Include="Player\PickUp.cpp">
      <Filter>Player</Filter>
    </ClCompile>
    <ClCompile Include="Player\Player.cpp">
      <Filter>Player</Filter>
    </ClCompile>
    <ClCompile Include="Player\ReloadBar.cpp">
      <Filter>UI</Filter>
    </ClCompile>
    <ClCompile Include="Utils\InputMgr.cpp">
      <Filter>Utils</Filter>
    </ClCompile>
    <ClCompile Include="SceneMgr\SceneMgr.cpp">
      <Filter>SceneMgr</Filter>
    </ClCompile>
    <ClCompile Include="Utils\TextureHolder.cpp">
      <Filter>Utils</Filter>
    </ClCompile>
    <ClCompile Include="Scene\LevelUp.cpp">
      <Filter>Scene</Filter>
    </ClCompile>
    <ClCompile Include="Scene\Pause.cpp">
      <Filter>Scene</Filter>
    </ClCompile>
    <ClCompile Include="Player\ReloadBar.cpp">
      <Filter>UI</Filter>
    </ClCompile>
    <ClCompile Include="SceneMgr\SceneMgr.cpp">
      <Filter>Scene</Filter>
    </ClCompile>
    <ClCompile Include="Utils\TextureHolder.cpp">
      <Filter>Utils</Filter>
    </ClCompile>
    <ClCompile Include="Scene\Title.cpp">
      <Filter>Scene</Filter>
    </ClCompile>
    <ClCompile Include="UI\UI.cpp">
      <Filter>UI</Filter>
    </ClCompile>
    <ClCompile Include="Utils\Utils.cpp">
      <Filter>Utils</Filter>
    </ClCompile>
    <ClCompile Include="Zombie\Zombie.cpp">
      <Filter>Zombie</Filter>
    </ClCompile>
    <ClCompile Include="Wall\Wall.cpp">
      <Filter>Wall</Filter>
    </ClCompile>
    <ClCompile Include="Zombie\Blood.cpp">
      <Filter>Zombie</Filter>
    </ClCompile>
    <ClCompile Include="Scene\GamePlay.cpp">
      <Filter>Scene</Filter>
    </ClCompile>
    <ClCompile Include="main.cpp" />
    <ClCompile Include="Framework.cpp" />
    <ClCompile Include="Scene.cpp">
      <Filter>NewScene</Filter>
    </ClCompile>
    <ClCompile Include="NewTitle.cpp">
      <Filter>NewScene</Filter>
    </ClCompile>
    <ClCompile Include="NewLevelUp.cpp">
      <Filter>NewScene</Filter>
    </ClCompile>
    <ClCompile Include="NewPause.cpp">
      <Filter>NewScene</Filter>
    </ClCompile>
    <ClCompile Include="NewGameOver.cpp">
      <Filter>NewScene</Filter>
    </ClCompile>
    <ClCompile Include="NewGamePlay.cpp">
      <Filter>NewScene</Filter>
    </ClCompile>
  </ItemGroup>
  <ItemGroup>
    <ClInclude Include="Bullet\Bullet.h">
      <Filter>Bullet</Filter>
    </ClInclude>
    <ClInclude Include="Scene\GameOver.h">
      <Filter>Scene</Filter>
    </ClInclude>
    <ClInclude Include="Scene\LevelUp.h">
      <Filter>Scene</Filter>
    </ClInclude>
    <ClInclude Include="Scene\Pause.h">
      <Filter>Scene</Filter>
    </ClInclude>
    <ClInclude Include="Player\PickUp.h">
      <Filter>Player</Filter>
    </ClInclude>
    <ClInclude Include="Player\Player.h">
      <Filter>Player</Filter>
    </ClInclude>
    <ClInclude Include="Player\ReloadBar.h">
      <Filter>UI</Filter>
    </ClInclude>
    <ClInclude Include="Utils\InputMgr.h">
      <Filter>Utils</Filter>
    </ClInclude>
    <ClInclude Include="SceneMgr\SceneMgr.h">
      <Filter>SceneMgr</Filter>
    </ClInclude>
    <ClInclude Include="Utils\TextureHolder.h">
      <Filter>Utils</Filter>
    </ClInclude>
    <ClInclude Include="Player\ReloadBar.h">
      <Filter>UI</Filter>
    </ClInclude>
    <ClInclude Include="SceneMgr\SceneMgr.h">
      <Filter>Scene</Filter>
    </ClInclude>
    <ClInclude Include="UI\UI.h">
      <Filter>UI</Filter>
    </ClInclude>
    <ClInclude Include="Utils\Utils.h">
      <Filter>Utils</Filter>
    </ClInclude>
    <ClInclude Include="Zombie\Zombie.h">
      <Filter>Zombie</Filter>
    </ClInclude>
    <ClInclude Include="Wall\Wall.h">
      <Filter>Wall</Filter>
    </ClInclude>
    <ClInclude Include="Zombie\Blood.h">
      <Filter>Zombie</Filter>
    </ClInclude>
    <ClInclude Include="Scene\Title.h">
      <Filter>Scene</Filter>
    </ClInclude>
    <ClInclude Include="Scene\GamePlay.h">
      <Filter>Scene</Filter>
    </ClInclude>
    <ClInclude Include="Framework.h" />
    <ClInclude Include="Scene.h">
      <Filter>NewScene</Filter>
    </ClInclude>
    <ClInclude Include="NewTitle.h">
      <Filter>NewScene</Filter>
    </ClInclude>
    <ClInclude Include="NewLevelUp.h">
      <Filter>NewScene</Filter>
    </ClInclude>
    <ClInclude Include="NewPause.h">
      <Filter>NewScene</Filter>
    </ClInclude>
    <ClInclude Include="NewGameOver.h">
      <Filter>NewScene</Filter>
    </ClInclude>
    <ClInclude Include="NewGamePlay.h">
      <Filter>NewScene</Filter>
    </ClInclude>
  </ItemGroup>
  <ItemGroup>
    <Filter Include="Player">
      <UniqueIdentifier>{2ca84ef8-3481-4898-8901-bc3daa554648}</UniqueIdentifier>
    </Filter>
    <Filter Include="Utils">
      <UniqueIdentifier>{ad74ef72-5b40-4e9e-aafd-32cc7243fe4c}</UniqueIdentifier>
    </Filter>
    <Filter Include="Bullet">
      <UniqueIdentifier>{b8290c92-2b85-44ad-b756-602ec6e86c0f}</UniqueIdentifier>
    </Filter>
    <Filter Include="Zombie">
      <UniqueIdentifier>{7570b58e-867c-4760-a98d-215733b40024}</UniqueIdentifier>
    </Filter>
    <Filter Include="Scene">
      <UniqueIdentifier>{55fd3169-fb4f-49b5-a11d-75f892519941}</UniqueIdentifier>
    </Filter>
    <Filter Include="SceneMgr">
      <UniqueIdentifier>{6a1a542f-4d17-4970-9bc9-69bc60426105}</UniqueIdentifier>
    </Filter>
    <Filter Include="UI">
      <UniqueIdentifier>{9cd10efd-89d3-413d-91ca-2e48bc89a6cd}</UniqueIdentifier>
    </Filter>
    <Filter Include="Wall">
      <UniqueIdentifier>{c92ddaa0-40e7-41f8-bee2-b0542072f40f}</UniqueIdentifier>
    </Filter>
    <Filter Include="NewScene">
      <UniqueIdentifier>{695a661a-20dd-45a9-b680-dd8101a9f4a1}</UniqueIdentifier>
    </Filter>
  </ItemGroup>
</Project>